
Microsoft Visual Studio Solution File, Format Version 12.00
# Visual Studio 14
VisualStudioVersion = 14.0.25420.1
MinimumVisualStudioVersion = 10.0.40219.1
Project("{FAE04EC0-301F-11D3-BF4B-00C04F79EFBC}") = "STW.UNSK.Personal.Model", "STW.UNSK.Personal.Model\STW.UNSK.Personal.Model.csproj", "{CE6F0F57-F21F-4F52-942A-0867761CD8AD}"
EndProject
Project("{FAE04EC0-301F-11D3-BF4B-00C04F79EFBC}") = "PersonalEditor", "PersonalEditor\PersonalEditor.csproj", "{924B0D7B-4E0E-4FD8-97A4-6E6D45FCFE82}"
EndProject
Global
	GlobalSection(SolutionConfigurationPlatforms) = preSolution
		Debug|Any CPU = Debug|Any CPU
		Release|Any CPU = Release|Any CPU
	EndGlobalSection
	GlobalSection(ProjectConfigurationPlatforms) = postSolution
		{CE6F0F57-F21F-4F52-942A-0867761CD8AD}.Debug|Any CPU.ActiveCfg = Debug|Any CPU
		{CE6F0F57-F21F-4F52-942A-0867761CD8AD}.Debug|Any CPU.Build.0 = Debug|Any CPU
		{CE6F0F57-F21F-4F52-942A-0867761CD8AD}.Release|Any CPU.ActiveCfg = Release|Any CPU
		{CE6F0F57-F21F-4F52-942A-0867761CD8AD}.Release|Any CPU.Build.0 = Release|Any CPU
		{924B0D7B-4E0E-4FD8-97A4-6E6D45FCFE82}.Debug|Any CPU.ActiveCfg = Debug|Any CPU
		{924B0D7B-4E0E-4FD8-97A4-6E6D45FCFE82}.Debug|Any CPU.Build.0 = Debug|Any CPU
		{924B0D7B-4E0E-4FD8-97A4-6E6D45FCFE82}.Release|Any CPU.ActiveCfg = Release|Any CPU
		{924B0D7B-4E0E-4FD8-97A4-6E6D45FCFE82}.Release|Any CPU.Build.0 = Release|Any CPU
	EndGlobalSection
	GlobalSection(SolutionProperties) = preSolution
		HideSolutionNode = FALSE
	EndGlobalSection
EndGlobal
